[{<<"lz4">>,
  {git,"https://github.com/szktty/erlang-lz4.git",
       {ref,"30878eafeff35939052c2cafe17d21c95029d3a1"}},
  0},
 {<<"pooler">>,
  {git,"https://github.com/seth/pooler.git",
       {ref,"b6c522a67a1d067122705ef725535a8664dd8514"}},
  0},
 {<<"quickrand">>,
  {git,"https://github.com/okeuday/quickrand.git",
       {ref,"75a709de3ccffb0bf53989ccb2e538d230215493"}},
  1},
 {<<"re2">>,
  {git,"https://github.com/tuncer/re2.git",
       {ref,"54a57ffeee6e7e141add7cfcda81b683429112b8"}},
  0},
 {<<"semver">>,
  {git,"https://github.com/nebularis/semver.git",
       {ref,"c7d509f38298ec6594be4efdcd8a8f2322760039"}},
  0},
 {<<"snappy">>,
  {git,"https://github.com/fdmanana/snappy-erlang-nif.git",
       {ref,"c4cd1bb35f3a3a399737d64bd03b479817b90e75"}},
  0},
 {<<"uuid">>,
  {git,"git@github.com:SiftLogic/uuid.git",
       {ref,"2496dce742c91224d4ef86636b38037fefa20c60"}},
  0}].
